<?xml version="1.0" encoding="utf-8"?>
<Project ToolsVersion="4.0" xmlns="http://schemas.microsoft.com/developer/msbuild/2003">
  <ItemGroup>
    <Filter Include="Source Files">
      <UniqueIdentifier>{4FC737F1-C7A5-4376-A066-2A32D752A2FF}</UniqueIdentifier>
      <Extensions>cpp;c;cc;cxx;c++;cppm;ixx;def;odl;idl;hpj;bat;asm;asmx</Extensions>
    </Filter>
    <Filter Include="Header Files">
      <UniqueIdentifier>{93995380-89BD-4b04-88EB-625FBE52EBFB}</UniqueIdentifier>
      <Extensions>h;hh;hpp;hxx;h++;hm;inl;inc;ipp;xsd</Extensions>
    </Filter>
    <Filter Include="Resource Files">
      <UniqueIdentifier>{67DA6AB6-F800-4c08-8B7A-83BB121AAD01}</UniqueIdentifier>
      <Extensions>rc;ico;cur;bmp;dlg;rc2;rct;bin;rgs;gif;jpg;jpeg;jpe;resx;tiff;tif;png;wav;mfcribbon-ms</Extensions>
    </Filter>
  </ItemGroup>
  <ItemGroup>
    <ClCompile Include="DllMain.cpp">
      <Filter>Source Files</Filter>
    </ClCompile>
    <ClCompile Include="Util\Hook\MinHook\hde\hde32.c">
      <Filter>Source Files</Filter>
    </ClCompile>
    <ClCompile Include="Util\Hook\MinHook\hde\hde64.c">
      <Filter>Source Files</Filter>
    </ClCompile>
    <ClCompile Include="Util\Hook\MinHook\buffer.c">
      <Filter>Source Files</Filter>
    </ClCompile>
    <ClCompile Include="Util\Hook\MinHook\hook.c">
      <Filter>Source Files</Filter>
    </ClCompile>
    <ClCompile Include="Util\Hook\MinHook\trampoline.c">
      <Filter>Source Files</Filter>
    </ClCompile>
    <ClCompile Include="Util\VFunc\VFunc.cpp">
      <Filter>Source Files</Filter>
    </ClCompile>
    <ClCompile Include="Util\Interface\Interface.cpp">
      <Filter>Source Files</Filter>
    </ClCompile>
    <ClCompile Include="Util\Math\Math.cpp">
      <Filter>Source Files</Filter>
    </ClCompile>
    <ClCompile Include="Util\Pattern\Pattern.cpp">
      <Filter>Source Files</Filter>
    </ClCompile>
    <ClCompile Include="Util\Offsets\Offsets.cpp">
      <Filter>Source Files</Filter>
    </ClCompile>
    <ClCompile Include="Util\Hash\Hash.cpp">
      <Filter>Source Files</Filter>
    </ClCompile>
    <ClCompile Include="Entry\Entry.cpp">
      <Filter>Source Files</Filter>
    </ClCompile>
    <ClCompile Include="Hooks\Hooks.cpp">
      <Filter>Source Files</Filter>
    </ClCompile>
    <ClCompile Include="Hooks\Definitions\ClientModeShared_CreateMove.cpp">
      <Filter>Source Files</Filter>
    </ClCompile>
    <ClCompile Include="SDK\Helpers\NetVarManager\NetVarManager.cpp">
      <Filter>Source Files</Filter>
    </ClCompile>
    <ClCompile Include="SDK\Helpers\DrawManager\DrawManager.cpp">
      <Filter>Source Files</Filter>
    </ClCompile>
    <ClCompile Include="Hooks\Definitions\IEngineVGui_Paint.cpp">
      <Filter>Source Files</Filter>
    </ClCompile>
    <ClCompile Include="Features\ESP\ESP.cpp">
      <Filter>Source Files</Filter>
    </ClCompile>
    <ClCompile Include="Features\Vars.cpp">
      <Filter>Source Files</Filter>
    </ClCompile>
    <ClCompile Include="Features\Misc\Misc.cpp">
      <Filter>Source Files</Filter>
    </ClCompile>
    <ClCompile Include="Hooks\Definitions\IBaseClientDLL_LevelShutdown.cpp">
      <Filter>Source Files</Filter>
    </ClCompile>
    <ClCompile Include="Hooks\Definitions\IBaseClientDLL_FrameStageNotify.cpp">
      <Filter>Source Files</Filter>
    </ClCompile>
    <ClCompile Include="Hooks\Definitions\IBaseClientDLL_LevelInitPostEntity.cpp">
      <Filter>Source Files</Filter>
    </ClCompile>
    <ClCompile Include="Hooks\Definitions\CL_CheckForPureServerWhitelist.cpp">
      <Filter>Source Files</Filter>
    </ClCompile>
    <ClCompile Include="Hooks\Definitions\CTFPlayer_AvoidPlayers.cpp">
      <Filter>Source Files</Filter>
    </ClCompile>
    <ClCompile Include="SDK\Includes\checksum_md5.cpp">
      <Filter>Source Files</Filter>
    </ClCompile>
    <ClCompile Include="Hooks\Definitions\CPrediction_RunCommand.cpp">
      <Filter>Source Files</Filter>
    </ClCompile>
    <ClCompile Include="Features\EnginePrediction\EnginePrediction.cpp">
      <Filter>Source Files</Filter>
    </ClCompile>
    <ClCompile Include="Hooks\Definitions\ISurface_OnScreenSizeChanged.cpp">
      <Filter>Source Files</Filter>
    </ClCompile>
    <ClCompile Include="Hooks\Definitions\WINAPI_WndProc.cpp">
      <Filter>Source Files</Filter>
    </ClCompile>
    <ClCompile Include="SDK\Helpers\Input\Input.cpp">
      <Filter>Source Files</Filter>
    </ClCompile>
  </ItemGroup>
  <ItemGroup>
    <ClInclude Include="Util\Hook\MinHook\hde\hde32.h">
      <Filter>Header Files</Filter>
    </ClInclude>
    <ClInclude Include="Util\Hook\MinHook\hde\hde64.h">
      <Filter>Header Files</Filter>
    </ClInclude>
    <ClInclude Include="Util\Hook\MinHook\hde\pstdint.h">
      <Filter>Header Files</Filter>
    </ClInclude>
    <ClInclude Include="Util\Hook\MinHook\hde\table32.h">
      <Filter>Header Files</Filter>
    </ClInclude>
    <ClInclude Include="Util\Hook\MinHook\hde\table64.h">
      <Filter>Header Files</Filter>
    </ClInclude>
    <ClInclude Include="Util\Hook\MinHook\buffer.h">
      <Filter>Header Files</Filter>
    </ClInclude>
    <ClInclude Include="Util\Hook\MinHook\MinHook.h">
      <Filter>Header Files</Filter>
    </ClInclude>
    <ClInclude Include="Util\Hook\MinHook\trampoline.h">
      <Filter>Header Files</Filter>
    </ClInclude>
    <ClInclude Include="Util\Hook\Hook.h">
      <Filter>Header Files</Filter>
    </ClInclude>
    <ClInclude Include="Util\VFunc\VFunc.h">
      <Filter>Header Files</Filter>
    </ClInclude>
    <ClInclude Include="Util\Interface\Interface.h">
      <Filter>Header Files</Filter>
    </ClInclude>
    <ClInclude Include="Util\Math\Vector\Vector2D.h">
      <Filter>Header Files</Filter>
    </ClInclude>
    <ClInclude Include="Util\Math\Vector\Vector.h">
      <Filter>Header Files</Filter>
    </ClInclude>
    <ClInclude Include="Util\Math\Math.h">
      <Filter>Header Files</Filter>
    </ClInclude>
    <ClInclude Include="Util\Pattern\Pattern.h">
      <Filter>Header Files</Filter>
    </ClInclude>
    <ClInclude Include="Util\Offsets\Offsets.h">
      <Filter>Header Files</Filter>
    </ClInclude>
    <ClInclude Include="Util\Util.h">
      <Filter>Header Files</Filter>
    </ClInclude>
    <ClInclude Include="Hooks\Hooks.h">
      <Filter>Header Files</Filter>
    </ClInclude>
    <ClInclude Include="Util\Hash\Hash.h">
      <Filter>Header Files</Filter>
    </ClInclude>
    <ClInclude Include="Entry\Entry.h">
      <Filter>Header Files</Filter>
    </ClInclude>
    <ClInclude Include="SDK\Includes\const.h">
      <Filter>Header Files</Filter>
    </ClInclude>
    <ClInclude Include="SDK\SDK.h">
      <Filter>Header Files</Filter>
    </ClInclude>
    <ClInclude Include="SDK\Includes\color.h">
      <Filter>Header Files</Filter>
    </ClInclude>
    <ClInclude Include="SDK\Includes\isurface.h">
      <Filter>Header Files</Filter>
    </ClInclude>
    <ClInclude Include="SDK\Includes\iappsystem.h">
      <Filter>Header Files</Filter>
    </ClInclude>
    <ClInclude Include="SDK\Includes\vgui.h">
      <Filter>Header Files</Filter>
    </ClInclude>
    <ClInclude Include="SDK\Interfaces\IMatSystemSurface.h">
      <Filter>Header Files</Filter>
    </ClInclude>
    <ClInclude Include="SDK\Interfaces\IBaseClientDLL.h">
      <Filter>Header Files</Filter>
    </ClInclude>
    <ClInclude Include="SDK\Includes\client_class.h">
      <Filter>Header Files</Filter>
    </ClInclude>
    <ClInclude Include="SDK\Includes\dt_common.h">
      <Filter>Header Files</Filter>
    </ClInclude>
    <ClInclude Include="SDK\Includes\dt_recv.h">
      <Filter>Header Files</Filter>
    </ClInclude>
    <ClInclude Include="SDK\Includes\xboxstubs.h">
      <Filter>Header Files</Filter>
    </ClInclude>
    <ClInclude Include="SDK\Interfaces\CGlobalVarsBase.h">
      <Filter>Header Files</Filter>
    </ClInclude>
    <ClInclude Include="SDK\Includes\view_shared.h">
      <Filter>Header Files</Filter>
    </ClInclude>
    <ClInclude Include="SDK\Includes\utlmemory.h">
      <Filter>Header Files</Filter>
    </ClInclude>
    <ClInclude Include="SDK\Includes\utlvector.h">
      <Filter>Header Files</Filter>
    </ClInclude>
    <ClInclude Include="SDK\Includes\usercmd.h">
      <Filter>Header Files</Filter>
    </ClInclude>
    <ClInclude Include="SDK\Helpers\NetVarManager\NetVarManager.h">
      <Filter>Header Files</Filter>
    </ClInclude>
    <ClInclude Include="SDK\Helpers\DrawManager\DrawManager.h">
      <Filter>Header Files</Filter>
    </ClInclude>
    <ClInclude Include="SDK\Interfaces\IVRenderView.h">
      <Filter>Header Files</Filter>
    </ClInclude>
    <ClInclude Include="SDK\Interfaces\IEngineVGui.h">
      <Filter>Header Files</Filter>
    </ClInclude>
    <ClInclude Include="SDK\Interfaces\IVEngineClient.h">
      <Filter>Header Files</Filter>
    </ClInclude>
    <ClInclude Include="Features\ESP\ESP.h">
      <Filter>Header Files</Filter>
    </ClInclude>
    <ClInclude Include="SDK\Includes\basehandle.h">
      <Filter>Header Files</Filter>
    </ClInclude>
    <ClInclude Include="SDK\Includes\ihandleentity.h">
      <Filter>Header Files</Filter>
    </ClInclude>
    <ClInclude Include="SDK\Includes\ehandle.h">
      <Filter>Header Files</Filter>
    </ClInclude>
    <ClInclude Include="SDK\Interfaces\IClientEntityList.h">
      <Filter>Header Files</Filter>
    </ClInclude>
    <ClInclude Include="SDK\Entities\IClientUnknown.h">
      <Filter>Header Files</Filter>
    </ClInclude>
    <ClInclude Include="SDK\Entities\IClientNetworkable.h">
      <Filter>Header Files</Filter>
    </ClInclude>
    <ClInclude Include="SDK\Entities\IClientThinkable.h">
      <Filter>Header Files</Filter>
    </ClInclude>
    <ClInclude Include="SDK\Entities\IClientRenderable.h">
      <Filter>Header Files</Filter>
    </ClInclude>
    <ClInclude Include="SDK\Entities\C_BaseEntity.h">
      <Filter>Header Files</Filter>
    </ClInclude>
    <ClInclude Include="SDK\Entities\IClientEntity.h">
      <Filter>Header Files</Filter>
    </ClInclude>
    <ClInclude Include="SDK\Globals\Globals.h">
      <Filter>Header Files</Filter>
    </ClInclude>
    <ClInclude Include="SDK\Entities\C_BaseAnimating.h">
      <Filter>Header Files</Filter>
    </ClInclude>
    <ClInclude Include="SDK\Includes\studio.h">
      <Filter>Header Files</Filter>
    </ClInclude>
    <ClInclude Include="SDK\Interfaces\IVModelInfo.h">
      <Filter>Header Files</Filter>
    </ClInclude>
    <ClInclude Include="SDK\Entities\C_BaseAnimatingOverlay.h">
      <Filter>Header Files</Filter>
    </ClInclude>
    <ClInclude Include="SDK\Entities\C_BaseFlex.h">
      <Filter>Header Files</Filter>
    </ClInclude>
    <ClInclude Include="SDK\Entities\C_BaseCombatCharacter.h">
      <Filter>Header Files</Filter>
    </ClInclude>
    <ClInclude Include="SDK\Entities\C_BasePlayer.h">
      <Filter>Header Files</Filter>
    </ClInclude>
    <ClInclude Include="SDK\Entities\C_TFPlayer.h">
      <Filter>Header Files</Filter>
    </ClInclude>
    <ClInclude Include="Features\Vars.h">
      <Filter>Header Files</Filter>
    </ClInclude>
    <ClInclude Include="Features\Misc\Misc.h">
      <Filter>Header Files</Filter>
    </ClInclude>
    <ClInclude Include="SDK\Includes\in_buttons.h">
      <Filter>Header Files</Filter>
    </ClInclude>
    <ClInclude Include="SDK\Interfaces\IMoveHelper.h">
      <Filter>Header Files</Filter>
    </ClInclude>
    <ClInclude Include="SDK\Interfaces\IGameMovement.h">
      <Filter>Header Files</Filter>
    </ClInclude>
    <ClInclude Include="SDK\Interfaces\IPrediction.h">
      <Filter>Header Files</Filter>
    </ClInclude>
    <ClInclude Include="SDK\Includes\checksum_md5.h">
      <Filter>Header Files</Filter>
    </ClInclude>
    <ClInclude Include="SDK\Entities\C_EconEntity.h">
      <Filter>Header Files</Filter>
    </ClInclude>
    <ClInclude Include="SDK\Entities\C_BaseCombatWeapon.h">
      <Filter>Header Files</Filter>
    </ClInclude>
    <ClInclude Include="Features\EnginePrediction\EnginePrediction.h">
      <Filter>Header Files</Filter>
    </ClInclude>
    <ClInclude Include="SDK\Entities\C_TFWeaponBase.h">
      <Filter>Header Files</Filter>
    </ClInclude>
    <ClInclude Include="SDK\Interfaces\IGameEventManager.h">
      <Filter>Header Files</Filter>
    </ClInclude>
    <ClInclude Include="SDK\Helpers\Input\Input.h">
      <Filter>Header Files</Filter>
    </ClInclude>
  </ItemGroup>
</Project>